aiofiles==24.1.0
aiohappyeyeballs==2.6.1
aiohttp==3.12.13
aiosignal==1.3.2
annotated-types==0.7.0
anyio @ file:///<home>/conda/feedstock_root/build_artifacts/anyio_1688651106312/work/dist
archspec @ file:///<home>/task_175812491784513/conda-bld/archspec_1758124989039/work
argcomplete==3.6.2
arrow==1.3.0
asttokens==3.0.0
attrs @ file:///<home>/task_176235647440041/conda-bld/attrs_1762356877723/work
Authlib==1.6.0
azure-core==1.34.0
babel==2.17.0
backoff==2.2.1
backports.tarfile==1.2.0
backports.zstd @ file:///<home>/conda/feedstock_root/build_artifacts/bld/rattler-build_backports.zstd_1764345088/work
backrefs==5.9
beautifulsoup4==4.13.5
binaryornot==0.4.4
black==26.1.0
bleach==6.2.0
blinker @ file:///<home>/task_176433218683580/conda-bld/blinker_1764332230891/work
boa @ file:///<home>/conda/feedstock_root/build_artifacts/boa_1717260270911/work
boltons @ file:///croot/boltons_1751383775419/work
boolean.py @ file:///<home>/task_175794478831998/conda-bld/boolean.py_1757945507450/work
bracex==2.6
Brotli @ file:///<home>/task_176236349449159/conda-bld/brotli-split_1762363542537/work
brotlicffi @ file:///<home>/task_176295012249926/conda-bld/brotlicffi_1762950228950/work
cachetools==4.2.1
certifi @ file:///<home>/task_176313480683104/conda-bld/certifi_1763135330277/work/certifi
cffi @ file:///<home>/task_176183215096628/conda-bld/cffi_1761832773152/work
cfgv==3.4.0
chardet @ file:///croot/chardet_1755516360657/work
charset-normalizer @ file:///<home>/task_176174481308776/conda-bld/charset-normalizer_1761744826568/work
cirun @ file:///<home>/conda/feedstock_root/build_artifacts/cirun_1744655450407/work
clang-format==22.1.0
click @ file:///<home>/task_176433223802040/conda-bld/click_1764332250813/work
cloudpickle==3.1.1
cmakelint==1.4.3
codespell==2.4.1
colorama @ file:///work/perseverance-python-buildout/croot/colorama_1698847155966/work
colorclass==2.2.2
comm==0.2.2
compressed-rtf==1.0.7
conda @ file:///croot/conda_1736277811838/work
conda-build @ file:///croot/conda-build_1716991285767/work
conda-libmamba-solver @ file:///croot/conda-libmamba-solver_1727775630457/work/src
conda-package-handling @ file:///<home>/task_176236634781570/conda-bld/conda-package-handling_1762366405441/work
conda-smithy @ file:///<home>/conda/feedstock_root/build_artifacts/conda-smithy_1763987668451/work
conda_index @ file:///<home>/task_176132173953474/conda-bld/conda-index_1761321803390/work
conda_package_streaming @ file:///<home>/task_176236130473029/conda-bld/conda-package-streaming_1762361643953/work
contourpy==1.3.2
cookiecutter==2.6.0
coverage==7.13.4
cpplint==2.0.2
cryptography @ file:///<home>/task_176193171464307/conda-bld/cryptography-split_1761931963077/work
csscompressor==0.9.5
cuda-bindings==13.2.0
cuda-pathfinder==1.5.4
cuda-toolkit==13.0.2
cupy-cuda13x==14.0.1
cycler==0.12.1
dataclasses-json==0.6.7
debugpy==1.8.14
decorator==5.2.1
defusedxml==0.7.1
Deprecated @ file:///<home>/task_175853086891027/conda-bld/deprecated_1758530883508/work
discord.py==2.7.1
distlib @ file:///<home>/task_176287527472943/conda-bld/distlib_1762875403509/work
distro @ file:///croot/distro_1714488253808/work
docutils==0.21.2
drain3==0.9.11
easygui==0.98.3
ebcdic==1.1.1
editables @ file:///<home>/conda/feedstock_root/build_artifacts/editables_1733208130372/work
exceptiongroup @ file:///<home>/task_176156033044290/conda-bld/exceptiongroup_1761560344423/work
executing==2.2.0
extract-msg==0.55.0
faiss-cpu==1.11.0
fastapi==0.115.14
fastjsonschema==2.21.1
fastrlock==0.8.3
ffmpy==0.6.0
filelock @ file:///<home>/task_176241979082285/conda-bld/filelock_1762419845654/work
filetype==1.2.0
Flask==3.1.1
fonttools==4.58.4
frozendict @ file:///<home>/task_176175050888873/conda-bld/frozendict_1761750665347/work
frozenlist==1.7.0
fsspec==2025.5.1
ghp-import==2.1.0
gitdb @ file:///croot/gitdb_1753362118172/work
GitPython @ file:///<home>/task_176129089860026/conda-bld/gitpython_1761291255219/work
gradio==5.34.2
gradio_client==1.10.3
greenlet==3.2.3
griffe==1.7.3
groovy==0.1.2
h11 @ file:///<home>/task_176193127072780/conda-bld/h11_1761931281921/work
h2 @ file:///croot/h2_1753368723224/work
hatch @ file:///<home>/conda/feedstock_root/build_artifacts/bld/rattler-build_hatch_1764311869/work
hatchling @ file:///<home>/task_176105718677906/conda-bld/hatchling_1761057778252/work
hf-xet==1.1.5
hjson==3.1.0
holoscan-cu13==4.0.0
hpack @ file:///croot/hpack_1753280727617/work
html2text==2025.4.15
htmlmin2==0.1.13
httpcore @ file:///croot/httpcore_1748526048470/work
httpx @ file:///<home>/task_176044736830261/conda-bld/httpx_1760447380560/work
httpx-sse==0.4.1
huggingface-hub==0.33.1
hyperframe @ file:///croot/hyperframe_1753195710327/work
hyperlink @ file:///tmp/build/80754af9/hyperlink_1610130746837/work
id==1.5.0
identify==2.6.14
idna @ file:///<home>/task_176191177554882/conda-bld/idna_1761911981359/work
importlib_metadata @ file:///<home>/task_176399613921411/conda-bld/importlib_metadata-suite_1763996582017/work
importlib_resources @ file:///<home>/task_175940072806589/conda-bld/importlib_resources-suite_1759400757065/work
iniconfig==2.3.0
ipykernel==6.29.5
ipython==9.3.0
ipython_pygments_lexers==1.1.1
isodate @ file:///croot/isodate_1755876423592/work
isort==8.0.1
itsdangerous==2.2.0
jaraco.classes @ file:///croot/jaraco.classes_1755516327832/work
jaraco.context @ file:///<home>/conda/feedstock_root/build_artifacts/jaraco.context_1733382590553/work
jaraco.functools==4.2.1
jedi==0.17.2
jeepney @ file:///<home>/conda/feedstock_root/build_artifacts/jeepney_1740828240267/work
Jinja2 @ file:///croot/jinja2_1741710844255/work
jinja2-time==0.2.0
joblib @ file:///<home>/task_175792628649810/conda-bld/joblib_1757926345604/work
jsmin==3.0.1
json5 @ file:///<home>/task_176371846916870/conda-bld/json5_1763718481225/work
jsonpatch @ file:///croot/jsonpatch_1714483231291/work
jsonpickle==1.5.1
jsonpointer @ file:///croot/jsonpointer_1753788433671/work
jsonschema @ file:///<home>/task_176245919820156/conda-bld/jsonschema_1762459245784/work
jsonschema-specifications @ file:///<home>/task_176278841581006/conda-bld/jsonschema-specifications_1762788429133/work
jsonschema_pydantic==0.6
jupyter_client==8.6.3
jupyter_core==5.8.1
jupyterlab_pygments==0.3.0
jupytext==1.17.2
keyring @ file:///<home>/task_176363713777671/conda-bld/keyring_1763637186082/work
kiwisolver==1.4.8
langchain==0.3.26
langchain-community==0.3.26
langchain-core==0.3.66
langchain-nvidia-ai-endpoints==0.3.10
langchain-text-splitters==0.3.8
langsmith==0.4.3
lark==1.3.1
Levenshtein==0.27.1
libarchive-c @ file:///<home>/conda/feedstock_root/build_artifacts/bld/rattler-build_python-libarchive-c_1747927321/work
libmambapy @ file:///croot/mamba-split_1734015845290/work/libmambapy
librt==0.8.1
license-expression==30.4.3
lief==0.16.6
lunar_python==1.4.8
lxml==6.0.1
lz4==4.4.5
Markdown==3.8.2
markdown-it-py @ file:///croot/markdown-it-py_1756299186942/work
MarkupSafe @ file:///croot/markupsafe_1738584038848/work
marshmallow==3.26.1
matplotlib==3.10.3
matplotlib-inline==0.1.7
mcap==1.3.0
mcp==1.10.0
mcp-use==1.3.3
mdit-py-plugins==0.4.2
mdurl @ file:///<home>/task_175855214286592/conda-bld/mdurl_1758552159735/work
menuinst @ file:///<home>/task_176286080652461/conda-bld/menuinst_1762860821842/work
mergedeep==1.3.4
mike==2.1.3
mistune==3.1.3
mkdocs==1.6.1
mkdocs-autorefs==1.4.2
mkdocs-awesome-nav==3.1.2
mkdocs-gen-files==0.5.0
mkdocs-get-deps==0.2.0
mkdocs-git-revision-date-localized-plugin==1.4.7
mkdocs-include-dir-to-nav==1.2.0
mkdocs-jupyter==0.25.1
mkdocs-literate-nav==0.6.2
mkdocs-macros-plugin==1.3.7
mkdocs-material==9.6.14
mkdocs-material-extensions==1.3.1
mkdocs-minify-plugin==0.8.0
mkdocs-site-urls==0.3.0
mkdocstrings==0.29.1
mkdocstrings-python==1.16.12
monai==1.5.2
more-itertools @ file:///<home>/task_176112148402911/conda-bld/more-itertools_1761121498268/work
mpmath==1.3.0
msgpack @ file:///croot/msgpack-python_1750958623279/work
msoffcrypto-tool==6.0.0
msrest==0.7.1
multi_key_dict==2.0.3
multidict==6.6.0
mypy==1.19.1
mypy_extensions==1.1.0
natsort==8.4.0
nbclient==0.10.2
nbconvert==7.16.6
nbformat==5.10.4
nest-asyncio==1.6.0
networkx==3.6.1
nh3==0.2.21
nibabel==5.4.2
nltk==3.9.1
nodeenv==1.9.1
numpy==2.3.1
nvidia-cublas==13.1.0.3
nvidia-cuda-cupti==13.0.85
nvidia-cuda-nvrtc==13.0.88
nvidia-cuda-runtime==13.0.96
nvidia-cudnn-cu13==9.19.0.56
nvidia-cufft==12.0.0.61
nvidia-cufile==1.15.1.6
nvidia-curand==10.4.0.35
nvidia-cusolver==12.0.4.66
nvidia-cusparse==12.6.3.3
nvidia-cusparselt-cu13==0.8.0
nvidia-nccl-cu13==2.28.9
nvidia-nvjitlink==13.0.88
nvidia-nvshmem-cu13==3.4.5
nvidia-nvtx==13.0.85
oauthlib @ file:///croot/oauthlib_1750775444608/work
olefile==0.47
oletools==0.60.2
orjson==3.10.18
packaging @ file:///<home>/task_176104874243446/conda-bld/packaging_1761049080023/work
paginate==0.5.7
pandas==2.3.0
pandocfilters==1.5.1
parso==0.7.1
pathspec==1.0.4
pbr==7.0.1
pcodedmp==1.2.6
pexpect @ file:///<home>/task_176253513024890/conda-bld/pexpect_1762535937809/work
pillow==11.2.1
pkginfo @ file:///<home>/conda/feedstock_root/build_artifacts/pkginfo_1739984581450/work
pkgutil_resolve_name @ file:///work/perseverance-python-buildout/croot/pkgutil-resolve-name_1707363250550/work
platformdirs @ file:///<home>/task_176235638281825/conda-bld/platformdirs_1762356487196/work
pluggy==1.6.0
posthog==5.4.0
pre_commit==4.3.0
prompt_toolkit @ file:///<home>/task_176174483920045/conda-bld/prompt-toolkit_1761744853185/work
propcache==0.3.2
psutil @ file:///<home>/task_176189642211680/conda-bld/psutil_1761896463664/work
ptyprocess @ file:///opt/miniconda3/conda-bld/ptyprocess_1762424170819/work/dist/ptyprocess-0.7.0-py2.py3-none-any.whl#sha256=3470be7f810474c8a2ecfcd6e02acc6aea8483ab595417fa4e336362a349933e
pure_eval==0.2.3
pycosat @ file:///croot/pycosat_1736868416091/work
pycparser @ file:///<home>/task_175749564075091/conda-bld/pycparser_1757496039511/work
pycryptodome @ file:///<home>/conda/feedstock_root/build_artifacts/pycryptodome_1747561170597/work
pydantic==2.11.7
pydantic-settings==2.10.1
pydantic_core==2.33.2
pydicom==3.0.2
pydub==0.25.1
pygit2==1.18.0
PyGithub @ file:///<home>/task_176227124148721/conda-bld/pygithub_1762271586149/work
Pygments @ file:///<home>/task_176243120367123/conda-bld/pygments_1762431407417/work
PyJWT @ file:///<home>/task_176433208377089/conda-bld/pyjwt_1764332097508/work
pyls==0.1.6
pymdown-extensions==10.16
PyNaCl @ file:///<home>/task_175889197405739/conda-bld/pynacl_1758891990224/work
pynvim==0.5.2
pyparsing==3.2.3
pypdf==5.9.0
pyproject_hooks @ file:///<home>/task_176173284690998/conda-bld/pyproject_hooks_1761732858214/work
PySocks @ file:///<home>/task_176175225699803/conda-bld/pysocks_1761753009944/work
pytest==9.0.2
python-dateutil @ file:///croot/python-dateutil_1716495738603/work
python-dotenv==1.1.1
python-jenkins==1.8.3
python-jsonrpc-server==0.4.0
python-language-server==0.36.2
python-multipart==0.0.20
python-slugify==8.0.4
pytokens==0.4.1
pytz @ file:///croot/pytz_1752135852232/work
PyYAML @ file:///<home>/task_176346544403961/conda-bld/pyyaml_1763465494824/work
pyyaml_env_tag==1.1
pyzmq==27.0.0
quantumrandom==1.9.0
RapidFuzz==3.13.0
rattler-build-conda-compat @ file:///<home>/conda/feedstock_root/build_artifacts/rattler-build-conda-compat_1763894652820/work
readme_renderer==44.0
red-black-tree-mod==1.22
referencing @ file:///<home>/task_176253675477096/conda-bld/referencing_1762536887597/work
regex==2024.11.6
requests @ file:///<home>/task_176235960792214/conda-bld/requests_1762359619036/work
requests-oauthlib @ file:///croot/requests-oauthlib_1720615017878/work
requests-toolbelt==1.0.0
rfc3986==2.0.0
rich @ file:///<home>/task_176037557748473/conda-bld/rich_1760375635468/work
rpds-py @ file:///<home>/task_176236637726140/conda-bld/rpds-py_1762366483045/work
RTFDE==0.1.2.2
ruamel.yaml @ file:///<home>/task_176253517100139/conda-bld/ruamel.yaml_1762535953285/work
ruamel.yaml.clib @ file:///<home>/task_176253017793460/conda-bld/ruamel.yaml.clib_1762530230394/work
ruff==0.15.4
safehttpx==0.1.6
safetensors==0.7.0
scarf-sdk==0.1.2
scikit-learn==1.7.0
scipy==1.16.0
scrypt @ file:///<home>/conda/feedstock_root/build_artifacts/scrypt_1756824086535/work
SecretStorage @ file:///<home>/task_175793144166146/conda-bld/secretstorage_1757931466920/work
semantic-version==2.10.0
semver==3.0.4
setuptools==80.9.0
shellingham @ file:///<home>/task_176191209964862/conda-bld/shellingham_1761912204539/work
shyaml==0.6.2
six @ file:///croot/six_1744271502820/work
slack_sdk==3.41.0
smmap @ file:///croot/smmap_1752748938695/work
sniffio @ file:///<home>/task_176432905353501/conda-bld/sniffio_1764329151381/work
soupsieve @ file:///<home>/conda/feedstock_root/build_artifacts/soupsieve_1746563585861/work
SQLAlchemy==2.0.41
sse-starlette==2.3.6
stack-data==0.6.3
starlette==0.47.1
super_collections==0.5.3
sxtwl==2.0.7
sympy==1.14.0
tabulate==0.9.0
tenacity==9.1.2
termcolor==3.1.0
text-unidecode==1.3
threadpoolctl==3.6.0
tinycss2==1.4.0
tomli @ file:///croot/tomli_1753774587605/work
tomli_w @ file:///croot/tomli-w_1738351312774/work
tomlkit @ file:///<home>/task_176289661655550/conda-bld/tomlkit_1762896639789/work
toolz @ file:///croot/toolz_1736796253816/work
torch==2.11.0
tornado==6.5.1
tqdm @ file:///<home>/task_176286301777781/conda-bld/tqdm_1762863350242/work
traitlets==5.14.3
triton==3.6.0
trove-classifiers @ file:///croot/trove-classifiers_1753774574705/work
truststore @ file:///<home>/task_176252091028135/conda-bld/truststore_1762520923980/work
twine==6.1.0
typer @ file:///<home>/task_176416963799309/conda-bld/typer_1764169651924/work
typer-slim==0.17.4
types-python-dateutil==2.9.0.20250516
typing-inspect==0.9.0
typing-inspection==0.4.1
typing_extensions @ file:///croot/typing_extensions_1756280817316/work
tzdata==2025.2
tzlocal==5.3.1
ujson==5.10.0
urllib3 @ file:///croot/urllib3_1750775463400/work
userpath @ file:///<home>/conda/feedstock_root/build_artifacts/userpath_1735924896483/work
uvicorn==0.34.3
verspec==0.1.0
virtualenv @ file:///<home>/conda/feedstock_root/build_artifacts/virtualenv_1746781478212/work
vsts @ file:///<home>/conda/feedstock_root/build_artifacts/vsts-python-api_1735921496910/work
watchdog==6.0.0
watchgod @ file:///<home>/conda/feedstock_root/build_artifacts/watchgod_1734891107509/work
wcmatch==10.1
wcwidth @ file:///croot/wcwidth_1750352883074/work
webencodings==0.5.1
websockets==15.0.1
Werkzeug==3.1.3
wheel==0.45.1
wheel-axle-runtime==0.0.7
wrapt @ file:///<home>/conda/feedstock_root/build_artifacts/wrapt_1736869451908/work
xlsx2csv==0.8.6
yarl==1.20.1
zipp @ file:///<home>/task_176397730633404/conda-bld/zipp_1763977863146/work
zstandard @ file:///<home>/task_175818889319276/conda-bld/zstandard_1758189073541/work
